version = 1
revision = 3
requires-python = ">=3.14"

[[package]]
name = "lazy"
version = "0.1.0"
source = { virtual = "." }
dependencies = [
    { name = "psutil" },
]

[package.metadata]
requires-dist = [{ name = "psutil", specifier = ">=7.1.2" }]

[[package]]
name = "psutil"
version = "7.1.2"
source = { registry = "https://pypi.org/simple" }
sdist = { url = "https://files.pythonhosted.org/packages/cd/ec/7b8e6b9b1d22708138630ef34c53ab2b61032c04f16adfdbb96791c8c70c/psutil-7.1.2.tar.gz", hash = "sha256:aa225cdde1335ff9684708ee8c72650f6598d5ed2114b9a7c5802030b1785018", size = 487424, upload-time = "2025-10-25T10:46:34.931Z" }
wheels = [
    { url = "https://files.pythonhosted.org/packages/56/9e/f1c5c746b4ed5320952acd3002d3962fe36f30524c00ea79fdf954cc6779/psutil-7.1.2-cp314-cp314t-macosx_10_15_x86_64.whl", hash = "sha256:e09cfe92aa8e22b1ec5e2d394820cf86c5dff6367ac3242366485dfa874d43bc", size = 238640, upload-time = "2025-10-25T10:46:54.089Z" },
    { url = "https://files.pythonhosted.org/packages/32/ee/fd26216a735395cc25c3899634e34aeb41fb1f3dbb44acc67d9e594be562/psutil-7.1.2-cp314-cp314t-macosx_11_0_arm64.whl", hash = "sha256:fa6342cf859c48b19df3e4aa170e4cfb64aadc50b11e06bb569c6c777b089c9e", size = 239303, upload-time = "2025-10-25T10:46:56.932Z" },
    { url = "https://files.pythonhosted.org/packages/3c/cd/7d96eaec4ef7742b845a9ce2759a2769ecce4ab7a99133da24abacbc9e41/psutil-7.1.2-cp314-cp314t-manylinux2010_x86_64.manylinux_2_12_x86_64.manylinux_2_28_x86_64.whl", hash = "sha256:625977443498ee7d6c1e63e93bacca893fd759a66c5f635d05e05811d23fb5ee", size = 281717, upload-time = "2025-10-25T10:46:59.116Z" },
    { url = "https://files.pythonhosted.org/packages/bc/1a/7f0b84bdb067d35fe7fade5fff888408688caf989806ce2d6dae08c72dd5/psutil-7.1.2-cp314-cp314t-manylinux2014_aarch64.manylinux_2_17_aarch64.manylinux_2_28_aarch64.whl", hash = "sha256:4a24bcd7b7f2918d934af0fb91859f621b873d6aa81267575e3655cd387572a7", size = 284575, upload-time = "2025-10-25T10:47:00.944Z" },
    { url = "https://files.pythonhosted.org/packages/de/05/7820ef8f7b275268917e0c750eada5834581206d9024ca88edce93c4b762/psutil-7.1.2-cp314-cp314t-win_amd64.whl", hash = "sha256:329f05610da6380982e6078b9d0881d9ab1e9a7eb7c02d833bfb7340aa634e31", size = 249491, upload-time = "2025-10-25T10:47:03.174Z" },
    { url = "https://files.pythonhosted.org/packages/db/9a/58de399c7cb58489f08498459ff096cd76b3f1ddc4f224ec2c5ef729c7d0/psutil-7.1.2-cp314-cp314t-win_arm64.whl", hash = "sha256:7b04c29e3c0c888e83ed4762b70f31e65c42673ea956cefa8ced0e31e185f582", size = 244880, upload-time = "2025-10-25T10:47:05.228Z" },
    { url = "https://files.pythonhosted.org/packages/ae/89/b9f8d47ddbc52d7301fc868e8224e5f44ed3c7f55e6d0f54ecaf5dd9ff5e/psutil-7.1.2-cp36-abi3-macosx_10_9_x86_64.whl", hash = "sha256:c9ba5c19f2d46203ee8c152c7b01df6eec87d883cfd8ee1af2ef2727f6b0f814", size = 237244, upload-time = "2025-10-25T10:47:07.086Z" },
    { url = "https://files.pythonhosted.org/packages/c8/7a/8628c2f6b240680a67d73d8742bb9ff39b1820a693740e43096d5dcb01e5/psutil-7.1.2-cp36-abi3-macosx_11_0_arm64.whl", hash = "sha256:2a486030d2fe81bec023f703d3d155f4823a10a47c36784c84f1cc7f8d39bedb", size = 238101, upload-time = "2025-10-25T10:47:09.523Z" },
    { url = "https://files.pythonhosted.org/packages/30/28/5e27f4d5a0e347f8e3cc16cd7d35533dbce086c95807f1f0e9cd77e26c10/psutil-7.1.2-cp36-abi3-manylinux2010_x86_64.manylinux_2_12_x86_64.manylinux_2_28_x86_64.whl", hash = "sha256:3efd8fc791492e7808a51cb2b94889db7578bfaea22df931424f874468e389e3", size = 258675, upload-time = "2025-10-25T10:47:11.082Z" },
    { url = "https://files.pythonhosted.org/packages/e5/5c/79cf60c9acf36d087f0db0f82066fca4a780e97e5b3a2e4c38209c03d170/psutil-7.1.2-cp36-abi3-manylinux2014_aarch64.manylinux_2_17_aarch64.manylinux_2_28_aarch64.whl", hash = "sha256:e2aeb9b64f481b8eabfc633bd39e0016d4d8bbcd590d984af764d80bf0851b8a", size = 260203, upload-time = "2025-10-25T10:47:13.226Z" },
    { url = "https://files.pythonhosted.org/packages/f7/03/0a464404c51685dcb9329fdd660b1721e076ccd7b3d97dee066bcc9ffb15/psutil-7.1.2-cp37-abi3-win_amd64.whl", hash = "sha256:8e17852114c4e7996fe9da4745c2bdef001ebbf2f260dec406290e66628bdb91", size = 246714, upload-time = "2025-10-25T10:47:15.093Z" },
    { url = "https://files.pythonhosted.org/packages/6a/32/97ca2090f2f1b45b01b6aa7ae161cfe50671de097311975ca6eea3e7aabc/psutil-7.1.2-cp37-abi3-win_arm64.whl", hash = "sha256:3e988455e61c240cc879cb62a008c2699231bf3e3d061d7fce4234463fd2abb4", size = 243742, upload-time = "2025-10-25T10:47:17.302Z" },
]
