version = 1
revision = 3
requires-python = ">=3.13"

[[package]]
name = "annotated-types"
version = "0.7.0"
source = { registry = "https://pypi.org/simple" }
sdist = { url = "https://files.pythonhosted.org/packages/ee/67/531ea369ba64dcff5ec9c3402f9f51bf748cec26dde048a2f973a4eea7f5/annotated_types-0.7.0.tar.gz", hash = "sha256:aff07c09a53a08bc8cfccb9c85b05f1aa9a2a6f23728d790723543408344ce89", size = 16081, upload-time = "2024-05-20T21:33:25.928Z" }
wheels = [
    { url = "https://files.pythonhosted.org/packages/78/b6/6307fbef88d9b5ee7421e68d78a9f162e0da4900bc5f5793f6d3d0e34fb8/annotated_types-0.7.0-py3-none-any.whl", hash = "sha256:1f02e8b43a8fbbc3f3e0d4f0f4bfc8131bcb4eebe8849b8e5c773f3a1c582a53", size = 13643, upload-time = "2024-05-20T21:33:24.1Z" },
]

[[package]]
name = "anyio"
version = "4.11.0"
source = { registry = "https://pypi.org/simple" }
dependencies = [
    { name = "idna" },
    { name = "sniffio" },
]
sdist = { url = "https://files.pythonhosted.org/packages/c6/78/7d432127c41b50bccba979505f272c16cbcadcc33645d5fa3a738110ae75/anyio-4.11.0.tar.gz", hash = "sha256:82a8d0b81e318cc5ce71a5f1f8b5c4e63619620b63141ef8c995fa0db95a57c4", size = 219094, upload-time = "2025-09-23T09:19:12.58Z" }
wheels = [
    { url = "https://files.pythonhosted.org/packages/15/b3/9b1a8074496371342ec1e796a96f99c82c945a339cd81a8e73de28b4cf9e/anyio-4.11.0-py3-none-any.whl", hash = "sha256:0287e96f4d26d4149305414d4e3bc32f0dcd0862365a4bddea19d7a1ec38c4fc", size = 109097, upload-time = "2025-09-23T09:19:10.601Z" },
]

[[package]]
name = "click"
version = "8.3.0"
source = { registry = "https://pypi.org/simple" }
dependencies = [
    { name = "colorama", marker = "sys_platform == 'win32'" },
]
sdist = { url = "https://files.pythonhosted.org/packages/46/61/de6cd827efad202d7057d93e0fed9294b96952e188f7384832791c7b2254/click-8.3.0.tar.gz", hash = "sha256:e7b8232224eba16f4ebe410c25ced9f7875cb5f3263ffc93cc3e8da705e229c4", size = 276943, upload-time = "2025-09-18T17:32:23.696Z" }
wheels = [
    { url = "https://files.pythonhosted.org/packages/db/d3/9dcc0f5797f070ec8edf30fbadfb200e71d9db6b84d211e3b2085a7589a0/click-8.3.0-py3-none-any.whl", hash = "sha256:9b9f285302c6e3064f4330c05f05b81945b2a39544279343e6e7c5f27a9baddc", size = 107295, upload-time = "2025-09-18T17:32:22.42Z" },
]

[[package]]
name = "colorama"
version = "0.4.6"
source = { registry = "https://pypi.org/simple" }
sdist = { url = "https://files.pythonhosted.org/packages/d8/53/6f443c9a4a8358a93a6792e2acffb9d9d5cb0a5cfd8802644b7b1c9a02e4/colorama-0.4.6.tar.gz", hash = "sha256:08695f5cb7ed6e0531a20572697297273c47b8cae5a63ffc6d6ed5c201be6e44", size = 27697, upload-time = "2022-10-25T02:36:22.414Z" }
wheels = [
    { url = "https://files.pythonhosted.org/packages/d1/d6/3965ed04c63042e047cb6a3e6ed1a63a35087b6a609aa3a15ed8ac56c221/colorama-0.4.6-py2.py3-none-any.whl", hash = "sha256:4f1d9991f5acc0ca119f9d443620b77f9d6b33703e51011c16baf57afb285fc6", size = 25335, upload-time = "2022-10-25T02:36:20.889Z" },
]

[[package]]
name = "di"
version = "0.1.0"
source = { virtual = "." }
dependencies = [
    { name = "fastapi" },
    { name = "uvicorn" },
]

[package.metadata]
requires-dist = [
    { name = "fastapi" },
    { name = "uvicorn" },
]

[[package]]
name = "fastapi"
version = "0.118.1"
source = { registry = "https://pypi.org/simple" }
dependencies = [
    { name = "pydantic" },
    { name = "starlette" },
    { name = "typing-extensions" },
]
sdist = { url = "https://files.pythonhosted.org/packages/ff/1b/6cbc5bc6d7a07a506c2275d443e4517adb4e02ab42e0a6486568e1749896/fastapi-0.118.1.tar.gz", hash = "sha256:063f9d4ff5bcdfd1ef6e4e6b44ed5fb5f4bf370b39cdce1c9aed22413c371cfe", size = 311185, upload-time = "2025-10-08T09:07:24.199Z" }
wheels = [
    { url = "https://files.pythonhosted.org/packages/fb/29/9bf43b2fe09854a4c743eed5ef9b6a84bab39b05bfd46aea7ce6c7bf97f1/fastapi-0.118.1-py3-none-any.whl", hash = "sha256:be88c15c995464d14d2be1d7059860551aeffb9df889688bcea7050c9635badf", size = 97933, upload-time = "2025-10-08T09:07:22.003Z" },
]

[[package]]
name = "h11"
version = "0.16.0"
source = { registry = "https://pypi.org/simple" }
sdist = { url = "https://files.pythonhosted.org/packages/01/ee/02a2c011bdab74c6fb3c75474d40b3052059d95df7e73351460c8588d963/h11-0.16.0.tar.gz", hash = "sha256:4e35b956cf45792e4caa5885e69fba00bdbc6ffafbfa020300e549b208ee5ff1", size = 101250, upload-time = "2025-04-24T03:35:25.427Z" }
wheels = [
    { url = "https://files.pythonhosted.org/packages/04/4b/29cac41a4d98d144bf5f6d33995617b185d14b22401f75ca86f384e87ff1/h11-0.16.0-py3-none-any.whl", hash = "sha256:63cf8bbe7522de3bf65932fda1d9c2772064ffb3dae62d55932da54b31cb6c86", size = 37515, upload-time = "2025-04-24T03:35:24.344Z" },
]

[[package]]
name = "idna"
version = "3.10"
source = { registry = "https://pypi.org/simple" }
sdist = { url = "https://files.pythonhosted.org/packages/f1/70/7703c29685631f5a7590aa73f1f1d3fa9a380e654b86af429e0934a32f7d/idna-3.10.tar.gz", hash = "sha256:12f65c9b470abda6dc35cf8e63cc574b1c52b11df2c86030af0ac09b01b13ea9", size = 190490, upload-time = "2024-09-15T18:07:39.745Z" }
wheels = [
    { url = "https://files.pythonhosted.org/packages/76/c6/c88e154df9c4e1a2a66ccf0005a88dfb2650c1dffb6f5ce603dfbd452ce3/idna-3.10-py3-none-any.whl", hash = "sha256:946d195a0d259cbba61165e88e65941f16e9b36ea6ddb97f00452bae8b1287d3", size = 70442, upload-time = "2024-09-15T18:07:37.964Z" },
]

[[package]]
name = "pydantic"
version = "2.12.0"
source = { registry = "https://pypi.org/simple" }
dependencies = [
    { name = "annotated-types" },
    { name = "pydantic-core" },
    { name = "typing-extensions" },
    { name = "typing-inspection" },
]
sdist = { url = "https://files.pythonhosted.org/packages/c3/da/b8a7ee04378a53f6fefefc0c5e05570a3ebfdfa0523a878bcd3b475683ee/pydantic-2.12.0.tar.gz", hash = "sha256:c1a077e6270dbfb37bfd8b498b3981e2bb18f68103720e51fa6c306a5a9af563", size = 814760, upload-time = "2025-10-07T15:58:03.467Z" }
wheels = [
    { url = "https://files.pythonhosted.org/packages/f4/9d/d5c855424e2e5b6b626fbc6ec514d8e655a600377ce283008b115abb7445/pydantic-2.12.0-py3-none-any.whl", hash = "sha256:f6a1da352d42790537e95e83a8bdfb91c7efbae63ffd0b86fa823899e807116f", size = 459730, upload-time = "2025-10-07T15:58:01.576Z" },
]

[[package]]
name = "pydantic-core"
version = "2.41.1"
source = { registry = "https://pypi.org/simple" }
dependencies = [
    { name = "typing-extensions" },
]
sdist = { url = "https://files.pythonhosted.org/packages/7d/14/12b4a0d2b0b10d8e1d9a24ad94e7bbb43335eaf29c0c4e57860e8a30734a/pydantic_core-2.41.1.tar.gz", hash = "sha256:1ad375859a6d8c356b7704ec0f547a58e82ee80bb41baa811ad710e124bc8f2f", size = 454870, upload-time = "2025-10-07T10:50:45.974Z" }
wheels = [
    { url = "https://files.pythonhosted.org/packages/27/8a/6d54198536a90a37807d31a156642aae7a8e1263ed9fe6fc6245defe9332/pydantic_core-2.41.1-cp313-cp313-macosx_10_12_x86_64.whl", hash = "sha256:70e790fce5f05204ef4403159857bfcd587779da78627b0babb3654f75361ebf", size = 2105825, upload-time = "2025-10-06T21:10:51.719Z" },
    { url = "https://files.pythonhosted.org/packages/4f/2e/4784fd7b22ac9c8439db25bf98ffed6853d01e7e560a346e8af821776ccc/pydantic_core-2.41.1-cp313-cp313-macosx_11_0_arm64.whl", hash = "sha256:9cebf1ca35f10930612d60bd0f78adfacee824c30a880e3534ba02c207cceceb", size = 1910126, upload-time = "2025-10-06T21:10:53.145Z" },
    { url = "https://files.pythonhosted.org/packages/f3/92/31eb0748059ba5bd0aa708fb4bab9fcb211461ddcf9e90702a6542f22d0d/pydantic_core-2.41.1-cp313-cp313-manylinux_2_17_aarch64.manylinux2014_aarch64.whl", hash = "sha256:170406a37a5bc82c22c3274616bf6f17cc7df9c4a0a0a50449e559cb755db669", size = 1961472, upload-time = "2025-10-06T21:10:55.754Z" },
    { url = "https://files.pythonhosted.org/packages/ab/91/946527792275b5c4c7dde4cfa3e81241bf6900e9fee74fb1ba43e0c0f1ab/pydantic_core-2.41.1-cp313-cp313-manylinux_2_17_armv7l.manylinux2014_armv7l.whl", hash = "sha256:12d4257fc9187a0ccd41b8b327d6a4e57281ab75e11dda66a9148ef2e1fb712f", size = 2063230, upload-time = "2025-10-06T21:10:57.179Z" },
    { url = "https://files.pythonhosted.org/packages/31/5d/a35c5d7b414e5c0749f1d9f0d159ee2ef4bab313f499692896b918014ee3/pydantic_core-2.41.1-cp313-cp313-manylinux_2_17_ppc64le.manylinux2014_ppc64le.whl", hash = "sha256:a75a33b4db105dd1c8d57839e17ee12db8d5ad18209e792fa325dbb4baeb00f4", size = 2229469, upload-time = "2025-10-06T21:10:59.409Z" },
    { url = "https://files.pythonhosted.org/packages/21/4d/8713737c689afa57ecfefe38db78259d4484c97aa494979e6a9d19662584/pydantic_core-2.41.1-cp313-cp313-manylinux_2_17_s390x.manylinux2014_s390x.whl", hash = "sha256:08a589f850803a74e0fcb16a72081cafb0d72a3cdda500106942b07e76b7bf62", size = 2347986, upload-time = "2025-10-06T21:11:00.847Z" },
    { url = "https://files.pythonhosted.org/packages/f6/ec/929f9a3a5ed5cda767081494bacd32f783e707a690ce6eeb5e0730ec4986/pydantic_core-2.41.1-cp313-cp313-manylinux_2_17_x86_64.manylinux2014_x86_64.whl", hash = "sha256:7a97939d6ea44763c456bd8a617ceada2c9b96bb5b8ab3dfa0d0827df7619014", size = 2072216, upload-time = "2025-10-06T21:11:02.43Z" },
    { url = "https://files.pythonhosted.org/packages/26/55/a33f459d4f9cc8786d9db42795dbecc84fa724b290d7d71ddc3d7155d46a/pydantic_core-2.41.1-cp313-cp313-manylinux_2_5_i686.manylinux1_i686.whl", hash = "sha256:d2ae423c65c556f09569524b80ffd11babff61f33055ef9773d7c9fabc11ed8d", size = 2193047, upload-time = "2025-10-06T21:11:03.787Z" },
    { url = "https://files.pythonhosted.org/packages/77/af/d5c6959f8b089f2185760a2779079e3c2c411bfc70ea6111f58367851629/pydantic_core-2.41.1-cp313-cp313-musllinux_1_1_aarch64.whl", hash = "sha256:4dc703015fbf8764d6a8001c327a87f1823b7328d40b47ce6000c65918ad2b4f", size = 2140613, upload-time = "2025-10-06T21:11:05.607Z" },
    { url = "https://files.pythonhosted.org/packages/58/e5/2c19bd2a14bffe7fabcf00efbfbd3ac430aaec5271b504a938ff019ac7be/pydantic_core-2.41.1-cp313-cp313-musllinux_1_1_armv7l.whl", hash = "sha256:968e4ffdfd35698a5fe659e5e44c508b53664870a8e61c8f9d24d3d145d30257", size = 2327641, upload-time = "2025-10-06T21:11:07.143Z" },
    { url = "https://files.pythonhosted.org/packages/93/ef/e0870ccda798c54e6b100aff3c4d49df5458fd64217e860cb9c3b0a403f4/pydantic_core-2.41.1-cp313-cp313-musllinux_1_1_x86_64.whl", hash = "sha256:fff2b76c8e172d34771cd4d4f0ade08072385310f214f823b5a6ad4006890d32", size = 2318229, upload-time = "2025-10-06T21:11:08.73Z" },
    { url = "https://files.pythonhosted.org/packages/b1/4b/c3b991d95f5deb24d0bd52e47bcf716098fa1afe0ce2d4bd3125b38566ba/pydantic_core-2.41.1-cp313-cp313-win32.whl", hash = "sha256:a38a5263185407ceb599f2f035faf4589d57e73c7146d64f10577f6449e8171d", size = 1997911, upload-time = "2025-10-06T21:11:10.329Z" },
    { url = "https://files.pythonhosted.org/packages/a7/ce/5c316fd62e01f8d6be1b7ee6b54273214e871772997dc2c95e204997a055/pydantic_core-2.41.1-cp313-cp313-win_amd64.whl", hash = "sha256:b42ae7fd6760782c975897e1fdc810f483b021b32245b0105d40f6e7a3803e4b", size = 2034301, upload-time = "2025-10-06T21:11:12.113Z" },
    { url = "https://files.pythonhosted.org/packages/29/41/902640cfd6a6523194123e2c3373c60f19006447f2fb06f76de4e8466c5b/pydantic_core-2.41.1-cp313-cp313-win_arm64.whl", hash = "sha256:ad4111acc63b7384e205c27a2f15e23ac0ee21a9d77ad6f2e9cb516ec90965fb", size = 1977238, upload-time = "2025-10-06T21:11:14.1Z" },
    { url = "https://files.pythonhosted.org/packages/04/04/28b040e88c1b89d851278478842f0bdf39c7a05da9e850333c6c8cbe7dfa/pydantic_core-2.41.1-cp313-cp313t-macosx_11_0_arm64.whl", hash = "sha256:440d0df7415b50084a4ba9d870480c16c5f67c0d1d4d5119e3f70925533a0edc", size = 1875626, upload-time = "2025-10-06T21:11:15.69Z" },
    { url = "https://files.pythonhosted.org/packages/d6/58/b41dd3087505220bb58bc81be8c3e8cbc037f5710cd3c838f44f90bdd704/pydantic_core-2.41.1-cp313-cp313t-manylinux_2_17_x86_64.manylinux2014_x86_64.whl", hash = "sha256:71eaa38d342099405dae6484216dcf1e8e4b0bebd9b44a4e08c9b43db6a2ab67", size = 2045708, upload-time = "2025-10-06T21:11:17.258Z" },
    { url = "https://files.pythonhosted.org/packages/d7/b8/760f23754e40bf6c65b94a69b22c394c24058a0ef7e2aa471d2e39219c1a/pydantic_core-2.41.1-cp313-cp313t-win_amd64.whl", hash = "sha256:555ecf7e50f1161d3f693bc49f23c82cf6cdeafc71fa37a06120772a09a38795", size = 1997171, upload-time = "2025-10-06T21:11:18.822Z" },
    { url = "https://files.pythonhosted.org/packages/41/12/cec246429ddfa2778d2d6301eca5362194dc8749ecb19e621f2f65b5090f/pydantic_core-2.41.1-cp314-cp314-macosx_10_12_x86_64.whl", hash = "sha256:05226894a26f6f27e1deb735d7308f74ef5fa3a6de3e0135bb66cdcaee88f64b", size = 2107836, upload-time = "2025-10-06T21:11:20.432Z" },
    { url = "https://files.pythonhosted.org/packages/20/39/baba47f8d8b87081302498e610aefc37142ce6a1cc98b2ab6b931a162562/pydantic_core-2.41.1-cp314-cp314-macosx_11_0_arm64.whl", hash = "sha256:85ff7911c6c3e2fd8d3779c50925f6406d770ea58ea6dde9c230d35b52b16b4a", size = 1904449, upload-time = "2025-10-06T21:11:22.185Z" },
    { url = "https://files.pythonhosted.org/packages/50/32/9a3d87cae2c75a5178334b10358d631bd094b916a00a5993382222dbfd92/pydantic_core-2.41.1-cp314-cp314-manylinux_2_17_aarch64.manylinux2014_aarch64.whl", hash = "sha256:47f1f642a205687d59b52dc1a9a607f45e588f5a2e9eeae05edd80c7a8c47674", size = 1961750, upload-time = "2025-10-06T21:11:24.348Z" },
    { url = "https://files.pythonhosted.org/packages/27/42/a96c9d793a04cf2a9773bff98003bb154087b94f5530a2ce6063ecfec583/pydantic_core-2.41.1-cp314-cp314-manylinux_2_17_armv7l.manylinux2014_armv7l.whl", hash = "sha256:df11c24e138876ace5ec6043e5cae925e34cf38af1a1b3d63589e8f7b5f5cdc4", size = 2063305, upload-time = "2025-10-06T21:11:26.556Z" },
    { url = "https://files.pythonhosted.org/packages/3e/8d/028c4b7d157a005b1f52c086e2d4b0067886b213c86220c1153398dbdf8f/pydantic_core-2.41.1-cp314-cp314-manylinux_2_17_ppc64le.manylinux2014_ppc64le.whl", hash = "sha256:7f0bf7f5c8f7bf345c527e8a0d72d6b26eda99c1227b0c34e7e59e181260de31", size = 2228959, upload-time = "2025-10-06T21:11:28.426Z" },
    { url = "https://files.pythonhosted.org/packages/08/f7/ee64cda8fcc9ca3f4716e6357144f9ee71166775df582a1b6b738bf6da57/pydantic_core-2.41.1-cp314-cp314-manylinux_2_17_s390x.manylinux2014_s390x.whl", hash = "sha256:82b887a711d341c2c47352375d73b029418f55b20bd7815446d175a70effa706", size = 2345421, upload-time = "2025-10-06T21:11:30.226Z" },
    { url = "https://files.pythonhosted.org/packages/13/c0/e8ec05f0f5ee7a3656973ad9cd3bc73204af99f6512c1a4562f6fb4b3f7d/pydantic_core-2.41.1-cp314-cp314-manylinux_2_17_x86_64.manylinux2014_x86_64.whl", hash = "sha256:b5f1d5d6bbba484bdf220c72d8ecd0be460f4bd4c5e534a541bb2cd57589fb8b", size = 2065288, upload-time = "2025-10-06T21:11:32.019Z" },
    { url = "https://files.pythonhosted.org/packages/0a/25/d77a73ff24e2e4fcea64472f5e39b0402d836da9b08b5361a734d0153023/pydantic_core-2.41.1-cp314-cp314-manylinux_2_5_i686.manylinux1_i686.whl", hash = "sha256:2bf1917385ebe0f968dc5c6ab1375886d56992b93ddfe6bf52bff575d03662be", size = 2189759, upload-time = "2025-10-06T21:11:33.753Z" },
    { url = "https://files.pythonhosted.org/packages/66/45/4a4ebaaae12a740552278d06fe71418c0f2869537a369a89c0e6723b341d/pydantic_core-2.41.1-cp314-cp314-musllinux_1_1_aarch64.whl", hash = "sha256:4f94f3ab188f44b9a73f7295663f3ecb8f2e2dd03a69c8f2ead50d37785ecb04", size = 2140747, upload-time = "2025-10-06T21:11:35.781Z" },
    { url = "https://files.pythonhosted.org/packages/da/6d/b727ce1022f143194a36593243ff244ed5a1eb3c9122296bf7e716aa37ba/pydantic_core-2.41.1-cp314-cp314-musllinux_1_1_armv7l.whl", hash = "sha256:3925446673641d37c30bd84a9d597e49f72eacee8b43322c8999fa17d5ae5bc4", size = 2327416, upload-time = "2025-10-06T21:11:37.75Z" },
    { url = "https://files.pythonhosted.org/packages/6f/8c/02df9d8506c427787059f87c6c7253435c6895e12472a652d9616ee0fc95/pydantic_core-2.41.1-cp314-cp314-musllinux_1_1_x86_64.whl", hash = "sha256:49bd51cc27adb980c7b97357ae036ce9b3c4d0bb406e84fbe16fb2d368b602a8", size = 2318138, upload-time = "2025-10-06T21:11:39.463Z" },
    { url = "https://files.pythonhosted.org/packages/98/67/0cf429a7d6802536941f430e6e3243f6d4b68f41eeea4b242372f1901794/pydantic_core-2.41.1-cp314-cp314-win32.whl", hash = "sha256:a31ca0cd0e4d12ea0df0077df2d487fc3eb9d7f96bbb13c3c5b88dcc21d05159", size = 1998429, upload-time = "2025-10-06T21:11:41.989Z" },
    { url = "https://files.pythonhosted.org/packages/38/60/742fef93de5d085022d2302a6317a2b34dbfe15258e9396a535c8a100ae7/pydantic_core-2.41.1-cp314-cp314-win_amd64.whl", hash = "sha256:1b5c4374a152e10a22175d7790e644fbd8ff58418890e07e2073ff9d4414efae", size = 2028870, upload-time = "2025-10-06T21:11:43.66Z" },
    { url = "https://files.pythonhosted.org/packages/31/38/cdd8ccb8555ef7720bd7715899bd6cfbe3c29198332710e1b61b8f5dd8b8/pydantic_core-2.41.1-cp314-cp314-win_arm64.whl", hash = "sha256:4fee76d757639b493eb600fba668f1e17475af34c17dd61db7a47e824d464ca9", size = 1974275, upload-time = "2025-10-06T21:11:45.476Z" },
    { url = "https://files.pythonhosted.org/packages/e7/7e/8ac10ccb047dc0221aa2530ec3c7c05ab4656d4d4bd984ee85da7f3d5525/pydantic_core-2.41.1-cp314-cp314t-macosx_11_0_arm64.whl", hash = "sha256:f9b9c968cfe5cd576fdd7361f47f27adeb120517e637d1b189eea1c3ece573f4", size = 1875124, upload-time = "2025-10-06T21:11:47.591Z" },
    { url = "https://files.pythonhosted.org/packages/c3/e4/7d9791efeb9c7d97e7268f8d20e0da24d03438a7fa7163ab58f1073ba968/pydantic_core-2.41.1-cp314-cp314t-manylinux_2_17_x86_64.manylinux2014_x86_64.whl", hash = "sha256:f1ebc7ab67b856384aba09ed74e3e977dded40e693de18a4f197c67d0d4e6d8e", size = 2043075, upload-time = "2025-10-06T21:11:49.542Z" },
    { url = "https://files.pythonhosted.org/packages/2d/c3/3f6e6b2342ac11ac8cd5cb56e24c7b14afa27c010e82a765ffa5f771884a/pydantic_core-2.41.1-cp314-cp314t-win_amd64.whl", hash = "sha256:8ae0dc57b62a762985bc7fbf636be3412394acc0ddb4ade07fe104230f1b9762", size = 1995341, upload-time = "2025-10-06T21:11:51.497Z" },
]

[[package]]
name = "sniffio"
version = "1.3.1"
source = { registry = "https://pypi.org/simple" }
sdist = { url = "https://files.pythonhosted.org/packages/a2/87/a6771e1546d97e7e041b6ae58d80074f81b7d5121207425c964ddf5cfdbd/sniffio-1.3.1.tar.gz", hash = "sha256:f4324edc670a0f49750a81b895f35c3adb843cca46f0530f79fc1babb23789dc", size = 20372, upload-time = "2024-02-25T23:20:04.057Z" }
wheels = [
    { url = "https://files.pythonhosted.org/packages/e9/44/75a9c9421471a6c4805dbf2356f7c181a29c1879239abab1ea2cc8f38b40/sniffio-1.3.1-py3-none-any.whl", hash = "sha256:2f6da418d1f1e0fddd844478f41680e794e6051915791a034ff65e5f100525a2", size = 10235, upload-time = "2024-02-25T23:20:01.196Z" },
]

[[package]]
name = "starlette"
version = "0.48.0"
source = { registry = "https://pypi.org/simple" }
dependencies = [
    { name = "anyio" },
]
sdist = { url = "https://files.pythonhosted.org/packages/a7/a5/d6f429d43394057b67a6b5bbe6eae2f77a6bf7459d961fdb224bf206eee6/starlette-0.48.0.tar.gz", hash = "sha256:7e8cee469a8ab2352911528110ce9088fdc6a37d9876926e73da7ce4aa4c7a46", size = 2652949, upload-time = "2025-09-13T08:41:05.699Z" }
wheels = [
    { url = "https://files.pythonhosted.org/packages/be/72/2db2f49247d0a18b4f1bb9a5a39a0162869acf235f3a96418363947b3d46/starlette-0.48.0-py3-none-any.whl", hash = "sha256:0764ca97b097582558ecb498132ed0c7d942f233f365b86ba37770e026510659", size = 73736, upload-time = "2025-09-13T08:41:03.869Z" },
]

[[package]]
name = "typing-extensions"
version = "4.15.0"
source = { registry = "https://pypi.org/simple" }
sdist = { url = "https://files.pythonhosted.org/packages/72/94/1a15dd82efb362ac84269196e94cf00f187f7ed21c242792a923cdb1c61f/typing_extensions-4.15.0.tar.gz", hash = "sha256:0cea48d173cc12fa28ecabc3b837ea3cf6f38c6d1136f85cbaaf598984861466", size = 109391, upload-time = "2025-08-25T13:49:26.313Z" }
wheels = [
    { url = "https://files.pythonhosted.org/packages/18/67/36e9267722cc04a6b9f15c7f3441c2363321a3ea07da7ae0c0707beb2a9c/typing_extensions-4.15.0-py3-none-any.whl", hash = "sha256:f0fa19c6845758ab08074a0cfa8b7aecb71c999ca73d62883bc25cc018c4e548", size = 44614, upload-time = "2025-08-25T13:49:24.86Z" },
]

[[package]]
name = "typing-inspection"
version = "0.4.2"
source = { registry = "https://pypi.org/simple" }
dependencies = [
    { name = "typing-extensions" },
]
sdist = { url = "https://files.pythonhosted.org/packages/55/e3/70399cb7dd41c10ac53367ae42139cf4b1ca5f36bb3dc6c9d33acdb43655/typing_inspection-0.4.2.tar.gz", hash = "sha256:ba561c48a67c5958007083d386c3295464928b01faa735ab8547c5692e87f464", size = 75949, upload-time = "2025-10-01T02:14:41.687Z" }
wheels = [
    { url = "https://files.pythonhosted.org/packages/dc/9b/47798a6c91d8bdb567fe2698fe81e0c6b7cb7ef4d13da4114b41d239f65d/typing_inspection-0.4.2-py3-none-any.whl", hash = "sha256:4ed1cacbdc298c220f1bd249ed5287caa16f34d44ef4e9c3d0cbad5b521545e7", size = 14611, upload-time = "2025-10-01T02:14:40.154Z" },
]

[[package]]
name = "uvicorn"
version = "0.37.0"
source = { registry = "https://pypi.org/simple" }
dependencies = [
    { name = "click" },
    { name = "h11" },
]
sdist = { url = "https://files.pythonhosted.org/packages/71/57/1616c8274c3442d802621abf5deb230771c7a0fec9414cb6763900eb3868/uvicorn-0.37.0.tar.gz", hash = "sha256:4115c8add6d3fd536c8ee77f0e14a7fd2ebba939fed9b02583a97f80648f9e13", size = 80367, upload-time = "2025-09-23T13:33:47.486Z" }
wheels = [
    { url = "https://files.pythonhosted.org/packages/85/cd/584a2ceb5532af99dd09e50919e3615ba99aa127e9850eafe5f31ddfdb9a/uvicorn-0.37.0-py3-none-any.whl", hash = "sha256:913b2b88672343739927ce381ff9e2ad62541f9f8289664fa1d1d3803fa2ce6c", size = 67976, upload-time = "2025-09-23T13:33:45.842Z" },
]
