version = 1
requires-python = ">=3.12"

[[package]]
name = "analytics-service"
version = "0.1.0"
source = { virtual = "." }
dependencies = [
    { name = "grpcio" },
    { name = "grpcio-tools" },
    { name = "sqlalchemy" },
]

[package.metadata]
requires-dist = [
    { name = "grpcio", specifier = ">=1.66.2" },
    { name = "grpcio-tools", specifier = ">=1.66.2" },
    { name = "sqlalchemy", specifier = ">=2.0.35" },
]

[[package]]
name = "greenlet"
version = "3.1.1"
source = { registry = "https://pypi.org/simple" }
sdist = { url = "https://files.pythonhosted.org/packages/2f/ff/df5fede753cc10f6a5be0931204ea30c35fa2f2ea7a35b25bdaf4fe40e46/greenlet-3.1.1.tar.gz", hash = "sha256:4ce3ac6cdb6adf7946475d7ef31777c26d94bccc377e070a7986bd2d5c515467", size = 186022 }
wheels = [
    { url = "https://files.pythonhosted.org/packages/7d/ec/bad1ac26764d26aa1353216fcbfa4670050f66d445448aafa227f8b16e80/greenlet-3.1.1-cp312-cp312-macosx_11_0_universal2.whl", hash = "sha256:4afe7ea89de619adc868e087b4d2359282058479d7cfb94970adf4b55284574d", size = 274260 },
    { url = "https://files.pythonhosted.org/packages/66/d4/c8c04958870f482459ab5956c2942c4ec35cac7fe245527f1039837c17a9/greenlet-3.1.1-cp312-cp312-manylinux_2_17_aarch64.manylinux2014_aarch64.whl", hash = "sha256:f406b22b7c9a9b4f8aa9d2ab13d6ae0ac3e85c9a809bd590ad53fed2bf70dc79", size = 649064 },
    { url = "https://files.pythonhosted.org/packages/51/41/467b12a8c7c1303d20abcca145db2be4e6cd50a951fa30af48b6ec607581/greenlet-3.1.1-cp312-cp312-manylinux_2_17_ppc64le.manylinux2014_ppc64le.whl", hash = "sha256:c3a701fe5a9695b238503ce5bbe8218e03c3bcccf7e204e455e7462d770268aa", size = 663420 },
    { url = "https://files.pythonhosted.org/packages/27/8f/2a93cd9b1e7107d5c7b3b7816eeadcac2ebcaf6d6513df9abaf0334777f6/greenlet-3.1.1-cp312-cp312-manylinux_2_17_s390x.manylinux2014_s390x.whl", hash = "sha256:2846930c65b47d70b9d178e89c7e1a69c95c1f68ea5aa0a58646b7a96df12441", size = 658035 },
    { url = "https://files.pythonhosted.org/packages/57/5c/7c6f50cb12be092e1dccb2599be5a942c3416dbcfb76efcf54b3f8be4d8d/greenlet-3.1.1-cp312-cp312-manylinux_2_17_x86_64.manylinux2014_x86_64.whl", hash = "sha256:99cfaa2110534e2cf3ba31a7abcac9d328d1d9f1b95beede58294a60348fba36", size = 660105 },
    { url = "https://files.pythonhosted.org/packages/f1/66/033e58a50fd9ec9df00a8671c74f1f3a320564c6415a4ed82a1c651654ba/greenlet-3.1.1-cp312-cp312-manylinux_2_24_x86_64.manylinux_2_28_x86_64.whl", hash = "sha256:1443279c19fca463fc33e65ef2a935a5b09bb90f978beab37729e1c3c6c25fe9", size = 613077 },
    { url = "https://files.pythonhosted.org/packages/19/c5/36384a06f748044d06bdd8776e231fadf92fc896bd12cb1c9f5a1bda9578/greenlet-3.1.1-cp312-cp312-musllinux_1_1_aarch64.whl", hash = "sha256:b7cede291382a78f7bb5f04a529cb18e068dd29e0fb27376074b6d0317bf4dd0", size = 1135975 },
    { url = "https://files.pythonhosted.org/packages/38/f9/c0a0eb61bdf808d23266ecf1d63309f0e1471f284300ce6dac0ae1231881/greenlet-3.1.1-cp312-cp312-musllinux_1_1_x86_64.whl", hash = "sha256:23f20bb60ae298d7d8656c6ec6db134bca379ecefadb0b19ce6f19d1f232a942", size = 1163955 },
    { url = "https://files.pythonhosted.org/packages/43/21/a5d9df1d21514883333fc86584c07c2b49ba7c602e670b174bd73cfc9c7f/greenlet-3.1.1-cp312-cp312-win_amd64.whl", hash = "sha256:7124e16b4c55d417577c2077be379514321916d5790fa287c9ed6f23bd2ffd01", size = 299655 },
    { url = "https://files.pythonhosted.org/packages/f3/57/0db4940cd7bb461365ca8d6fd53e68254c9dbbcc2b452e69d0d41f10a85e/greenlet-3.1.1-cp313-cp313-macosx_11_0_universal2.whl", hash = "sha256:05175c27cb459dcfc05d026c4232f9de8913ed006d42713cb8a5137bd49375f1", size = 272990 },
    { url = "https://files.pythonhosted.org/packages/1c/ec/423d113c9f74e5e402e175b157203e9102feeb7088cee844d735b28ef963/greenlet-3.1.1-cp313-cp313-manylinux_2_17_aarch64.manylinux2014_aarch64.whl", hash = "sha256:935e943ec47c4afab8965954bf49bfa639c05d4ccf9ef6e924188f762145c0ff", size = 649175 },
    { url = "https://files.pythonhosted.org/packages/a9/46/ddbd2db9ff209186b7b7c621d1432e2f21714adc988703dbdd0e65155c77/greenlet-3.1.1-cp313-cp313-manylinux_2_17_ppc64le.manylinux2014_ppc64le.whl", hash = "sha256:667a9706c970cb552ede35aee17339a18e8f2a87a51fba2ed39ceeeb1004798a", size = 663425 },
    { url = "https://files.pythonhosted.org/packages/bc/f9/9c82d6b2b04aa37e38e74f0c429aece5eeb02bab6e3b98e7db89b23d94c6/greenlet-3.1.1-cp313-cp313-manylinux_2_17_s390x.manylinux2014_s390x.whl", hash = "sha256:b8a678974d1f3aa55f6cc34dc480169d58f2e6d8958895d68845fa4ab566509e", size = 657736 },
    { url = "https://files.pythonhosted.org/packages/d9/42/b87bc2a81e3a62c3de2b0d550bf91a86939442b7ff85abb94eec3fc0e6aa/greenlet-3.1.1-cp313-cp313-manylinux_2_17_x86_64.manylinux2014_x86_64.whl", hash = "sha256:efc0f674aa41b92da8c49e0346318c6075d734994c3c4e4430b1c3f853e498e4", size = 660347 },
    { url = "https://files.pythonhosted.org/packages/37/fa/71599c3fd06336cdc3eac52e6871cfebab4d9d70674a9a9e7a482c318e99/greenlet-3.1.1-cp313-cp313-manylinux_2_24_x86_64.manylinux_2_28_x86_64.whl", hash = "sha256:0153404a4bb921f0ff1abeb5ce8a5131da56b953eda6e14b88dc6bbc04d2049e", size = 615583 },
    { url = "https://files.pythonhosted.org/packages/4e/96/e9ef85de031703ee7a4483489b40cf307f93c1824a02e903106f2ea315fe/greenlet-3.1.1-cp313-cp313-musllinux_1_1_aarch64.whl", hash = "sha256:275f72decf9932639c1c6dd1013a1bc266438eb32710016a1c742df5da6e60a1", size = 1133039 },
    { url = "https://files.pythonhosted.org/packages/87/76/b2b6362accd69f2d1889db61a18c94bc743e961e3cab344c2effaa4b4a25/greenlet-3.1.1-cp313-cp313-musllinux_1_1_x86_64.whl", hash = "sha256:c4aab7f6381f38a4b42f269057aee279ab0fc7bf2e929e3d4abfae97b682a12c", size = 1160716 },
    { url = "https://files.pythonhosted.org/packages/1f/1b/54336d876186920e185066d8c3024ad55f21d7cc3683c856127ddb7b13ce/greenlet-3.1.1-cp313-cp313-win_amd64.whl", hash = "sha256:b42703b1cf69f2aa1df7d1030b9d77d3e584a70755674d60e710f0af570f3761", size = 299490 },
    { url = "https://files.pythonhosted.org/packages/5f/17/bea55bf36990e1638a2af5ba10c1640273ef20f627962cf97107f1e5d637/greenlet-3.1.1-cp313-cp313t-manylinux_2_17_aarch64.manylinux2014_aarch64.whl", hash = "sha256:f1695e76146579f8c06c1509c7ce4dfe0706f49c6831a817ac04eebb2fd02011", size = 643731 },
    { url = "https://files.pythonhosted.org/packages/78/d2/aa3d2157f9ab742a08e0fd8f77d4699f37c22adfbfeb0c610a186b5f75e0/greenlet-3.1.1-cp313-cp313t-manylinux_2_17_ppc64le.manylinux2014_ppc64le.whl", hash = "sha256:7876452af029456b3f3549b696bb36a06db7c90747740c5302f74a9e9fa14b13", size = 649304 },
    { url = "https://files.pythonhosted.org/packages/f1/8e/d0aeffe69e53ccff5a28fa86f07ad1d2d2d6537a9506229431a2a02e2f15/greenlet-3.1.1-cp313-cp313t-manylinux_2_17_s390x.manylinux2014_s390x.whl", hash = "sha256:4ead44c85f8ab905852d3de8d86f6f8baf77109f9da589cb4fa142bd3b57b475", size = 646537 },
    { url = "https://files.pythonhosted.org/packages/05/79/e15408220bbb989469c8871062c97c6c9136770657ba779711b90870d867/greenlet-3.1.1-cp313-cp313t-manylinux_2_17_x86_64.manylinux2014_x86_64.whl", hash = "sha256:8320f64b777d00dd7ccdade271eaf0cad6636343293a25074cc5566160e4de7b", size = 642506 },
    { url = "https://files.pythonhosted.org/packages/18/87/470e01a940307796f1d25f8167b551a968540fbe0551c0ebb853cb527dd6/greenlet-3.1.1-cp313-cp313t-manylinux_2_24_x86_64.manylinux_2_28_x86_64.whl", hash = "sha256:6510bf84a6b643dabba74d3049ead221257603a253d0a9873f55f6a59a65f822", size = 602753 },
    { url = "https://files.pythonhosted.org/packages/e2/72/576815ba674eddc3c25028238f74d7b8068902b3968cbe456771b166455e/greenlet-3.1.1-cp313-cp313t-musllinux_1_1_aarch64.whl", hash = "sha256:04b013dc07c96f83134b1e99888e7a79979f1a247e2a9f59697fa14b5862ed01", size = 1122731 },
    { url = "https://files.pythonhosted.org/packages/ac/38/08cc303ddddc4b3d7c628c3039a61a3aae36c241ed01393d00c2fd663473/greenlet-3.1.1-cp313-cp313t-musllinux_1_1_x86_64.whl", hash = "sha256:411f015496fec93c1c8cd4e5238da364e1da7a124bcb293f085bf2860c32c6f6", size = 1142112 },
]

[[package]]
name = "grpcio"
version = "1.66.2"
source = { registry = "https://pypi.org/simple" }
sdist = { url = "https://files.pythonhosted.org/packages/71/d1/49a96df4eb1d805cf546247df40636515416d2d5c66665e5129c8b4162a8/grpcio-1.66.2.tar.gz", hash = "sha256:563588c587b75c34b928bc428548e5b00ea38c46972181a4d8b75ba7e3f24231", size = 12489713 }
wheels = [
    { url = "https://files.pythonhosted.org/packages/6b/5c/c4da36b7a77dbb15c4bc72228dff7161874752b2c6bddf7bb046d9da1b90/grpcio-1.66.2-cp312-cp312-linux_armv7l.whl", hash = "sha256:802d84fd3d50614170649853d121baaaa305de7b65b3e01759247e768d691ddf", size = 5002933 },
    { url = "https://files.pythonhosted.org/packages/a0/d5/b631445dff250a5301f51ff56c5fc917c7f955cd02fa55379f158a89abeb/grpcio-1.66.2-cp312-cp312-macosx_10_9_universal2.whl", hash = "sha256:80fd702ba7e432994df208f27514280b4b5c6843e12a48759c9255679ad38db8", size = 10793953 },
    { url = "https://files.pythonhosted.org/packages/c8/1c/2179ac112152e92c02990f98183edf645df14aa3c38b39f1a3a60358b6c6/grpcio-1.66.2-cp312-cp312-manylinux_2_17_aarch64.whl", hash = "sha256:12fda97ffae55e6526825daf25ad0fa37483685952b5d0f910d6405c87e3adb6", size = 5499791 },
    { url = "https://files.pythonhosted.org/packages/0b/53/8d7ab865fbd983309c8242930f00b28a01047f70c2b2e4c79a5c92a46a08/grpcio-1.66.2-cp312-cp312-manylinux_2_17_i686.manylinux2014_i686.whl", hash = "sha256:950da58d7d80abd0ea68757769c9db0a95b31163e53e5bb60438d263f4bed7b7", size = 6109606 },
    { url = "https://files.pythonhosted.org/packages/86/e9/3dfb5a3ff540636d46b8b723345e923e8c553d9b3f6a8d1b09b0d915eb46/grpcio-1.66.2-cp312-cp312-manylinux_2_17_x86_64.manylinux2014_x86_64.whl", hash = "sha256:e636ce23273683b00410f1971d209bf3689238cf5538d960adc3cdfe80dd0dbd", size = 5762866 },
    { url = "https://files.pythonhosted.org/packages/f1/cb/c07493ad5dd73d51e4e15b0d483ff212dfec136ee1e4f3b49d115bdc7a13/grpcio-1.66.2-cp312-cp312-musllinux_1_1_i686.whl", hash = "sha256:a917d26e0fe980b0ac7bfcc1a3c4ad6a9a4612c911d33efb55ed7833c749b0ee", size = 6446819 },
    { url = "https://files.pythonhosted.org/packages/ff/5f/142e19db367a34ea0ee8a8451e43215d0a1a5dbffcfdcae8801f22903301/grpcio-1.66.2-cp312-cp312-musllinux_1_1_x86_64.whl", hash = "sha256:49f0ca7ae850f59f828a723a9064cadbed90f1ece179d375966546499b8a2c9c", size = 6040273 },
    { url = "https://files.pythonhosted.org/packages/5c/3b/12fcd752c55002e4b0e0a7bd5faec101bc0a4e3890be3f95a43353142481/grpcio-1.66.2-cp312-cp312-win32.whl", hash = "sha256:31fd163105464797a72d901a06472860845ac157389e10f12631025b3e4d0453", size = 3537988 },
    { url = "https://files.pythonhosted.org/packages/f1/70/76bfea3faa862bfceccba255792e780691ff25b8227180759c9d38769379/grpcio-1.66.2-cp312-cp312-win_amd64.whl", hash = "sha256:ff1f7882e56c40b0d33c4922c15dfa30612f05fb785074a012f7cda74d1c3679", size = 4275553 },
    { url = "https://files.pythonhosted.org/packages/72/31/8708a8dfb3f1ac89926c27c5dd17412764157a2959dbc5a606eaf8ac71f6/grpcio-1.66.2-cp313-cp313-linux_armv7l.whl", hash = "sha256:3b00efc473b20d8bf83e0e1ae661b98951ca56111feb9b9611df8efc4fe5d55d", size = 5004245 },
    { url = "https://files.pythonhosted.org/packages/8b/37/0b57c3769efb3cc9ec97fcaa9f7243046660e7ed58c0faebc4ef315df92c/grpcio-1.66.2-cp313-cp313-macosx_10_13_universal2.whl", hash = "sha256:1caa38fb22a8578ab8393da99d4b8641e3a80abc8fd52646f1ecc92bcb8dee34", size = 10756749 },
    { url = "https://files.pythonhosted.org/packages/bf/5a/425e995724a19a1b110340ed653bc7c5de8019d9fc84b3798a0f79c3eb31/grpcio-1.66.2-cp313-cp313-manylinux_2_17_aarch64.whl", hash = "sha256:c408f5ef75cfffa113cacd8b0c0e3611cbfd47701ca3cdc090594109b9fcbaed", size = 5499666 },
    { url = "https://files.pythonhosted.org/packages/2e/e4/86a5c5ec40a6b683671a1d044ebca433812d99da8fcfc2889e9c43cecbd4/grpcio-1.66.2-cp313-cp313-manylinux_2_17_i686.manylinux2014_i686.whl", hash = "sha256:c806852deaedee9ce8280fe98955c9103f62912a5b2d5ee7e3eaa284a6d8d8e7", size = 6109578 },
    { url = "https://files.pythonhosted.org/packages/2f/86/a86742f3deaa22385c3bff984c5947fc62d47d3fab26c508730037d027e5/grpcio-1.66.2-cp313-cp313-manylinux_2_17_x86_64.manylinux2014_x86_64.whl", hash = "sha256:f145cc21836c332c67baa6fc81099d1d27e266401565bf481948010d6ea32d46", size = 5763274 },
    { url = "https://files.pythonhosted.org/packages/c3/61/b9a2a4345dea0a354c4ed8ac7aacbdd0ff986acbc8f92680213cf3d2faa3/grpcio-1.66.2-cp313-cp313-musllinux_1_1_i686.whl", hash = "sha256:73e3b425c1e155730273f73e419de3074aa5c5e936771ee0e4af0814631fb30a", size = 6450416 },
    { url = "https://files.pythonhosted.org/packages/50/b9/ad303ce75d8cd71d855a661519aa160ce42f27498f589f1ae6d9f8c5e8ac/grpcio-1.66.2-cp313-cp313-musllinux_1_1_x86_64.whl", hash = "sha256:9c509a4f78114cbc5f0740eb3d7a74985fd2eff022971bc9bc31f8bc93e66a3b", size = 6040045 },
    { url = "https://files.pythonhosted.org/packages/ac/b3/8db1873e3240ef1672ba87b89e949ece367089e29e4d221377bfdd288bd3/grpcio-1.66.2-cp313-cp313-win32.whl", hash = "sha256:20657d6b8cfed7db5e11b62ff7dfe2e12064ea78e93f1434d61888834bc86d75", size = 3537126 },
    { url = "https://files.pythonhosted.org/packages/a2/df/133216989fe7e17caeafd7ff5b17cc82c4e722025d0b8d5d2290c11fe2e6/grpcio-1.66.2-cp313-cp313-win_amd64.whl", hash = "sha256:fb70487c95786e345af5e854ffec8cb8cc781bcc5df7930c4fbb7feaa72e1cdf", size = 4278018 },
]

[[package]]
name = "grpcio-tools"
version = "1.66.2"
source = { registry = "https://pypi.org/simple" }
dependencies = [
    { name = "grpcio" },
    { name = "protobuf" },
    { name = "setuptools" },
]
sdist = { url = "https://files.pythonhosted.org/packages/3c/31/bc5b5cc2552a58690eb90a6dcfa64d4ff4bd5dcce03711e4975ea683a3e3/grpcio_tools-1.66.2.tar.gz", hash = "sha256:4a36e07913d26ba5ccfd2685ba63ca97f26b08c249d2cc9e74dda37efa49d7e4", size = 5158759 }
wheels = [
    { url = "https://files.pythonhosted.org/packages/4e/f0/9be2dd8e6ec1c01cf2510ba39835525a8807743d059b8b739c04009824fc/grpcio_tools-1.66.2-cp312-cp312-linux_armv7l.whl", hash = "sha256:d8ca76fc40a7d35ddf1229afd04408e2ff94caf4385068c8b147e064e951e0ba", size = 2307644 },
    { url = "https://files.pythonhosted.org/packages/50/7b/9ea3fccf2f213f0780f37f6cf3eff1d2ffe8b5a96f223033cbf8464c37a1/grpcio_tools-1.66.2-cp312-cp312-macosx_10_9_universal2.whl", hash = "sha256:6cc3da6994d575c425c74ce33e34b86a975ea7e78bb9c3525e8439a3af3c508f", size = 5525457 },
    { url = "https://files.pythonhosted.org/packages/7a/04/cb98ba499fc7aea174e86415d3ceb23c15f10c76530165c7d34d292173d4/grpcio_tools-1.66.2-cp312-cp312-manylinux_2_17_aarch64.whl", hash = "sha256:89e437ced43275e7427cc82a837f5cd43ebe18a1080b0e50a47627895b44b0e6", size = 2281765 },
    { url = "https://files.pythonhosted.org/packages/9f/4c/14c68bdc17611b9ba6f8d88e893e20bfd5fedc2132f83306d748b23a4527/grpcio_tools-1.66.2-cp312-cp312-manylinux_2_17_i686.manylinux2014_i686.whl", hash = "sha256:d95f030e708266d7fd6d3e5d56e30a9bbbe230604856b1fe93edd892e4389aab", size = 2617362 },
    { url = "https://files.pythonhosted.org/packages/4b/b6/111b8b52189fd0822a4ccc975f0e8214ac1910ce2d38f04b1cab2cb56896/grpcio_tools-1.66.2-cp312-cp312-manylinux_2_17_x86_64.manylinux2014_x86_64.whl", hash = "sha256:1b3cf9ae67f8bb431ab3ff60db75c3586dc5aa993be4b15bd7cad651362563cd", size = 2415326 },
    { url = "https://files.pythonhosted.org/packages/0e/4b/006b246f19b8b8a4fae7c4100126ce98f26f2ccd5baa0d54144ffd15bd63/grpcio_tools-1.66.2-cp312-cp312-musllinux_1_1_i686.whl", hash = "sha256:b4896a0853fc402273e908c0a0710d25242f1ae907efb9d22ba6d82d4ba00ad8", size = 3225045 },
    { url = "https://files.pythonhosted.org/packages/b6/20/9faf510a0d93ac2527fbf0cb886e6e603a13afa64b566ffc14dc90957a64/grpcio_tools-1.66.2-cp312-cp312-musllinux_1_1_x86_64.whl", hash = "sha256:d31aad10f90fccb0073bc03b4d1b67690ef4f0cd9af96e82944b9cc655d12b6f", size = 2870423 },
    { url = "https://files.pythonhosted.org/packages/74/dd/d7cab621702327bf1d9f7df87308468c9ab2c721b07544bc3a09003f6fc7/grpcio_tools-1.66.2-cp312-cp312-win32.whl", hash = "sha256:d8f976f35683e49467d0bf2b90c170ac5443cd162d48d8d868801fd0d87a5fa8", size = 940541 },
    { url = "https://files.pythonhosted.org/packages/c1/f3/170c2aeadb454f85c4b64340b81a0694985855951034e1042ccaed5a9232/grpcio_tools-1.66.2-cp312-cp312-win_amd64.whl", hash = "sha256:b2c19e5a888a6ee48ba699581a90c04806b2a93f574f37449c359ec17a793669", size = 1090426 },
    { url = "https://files.pythonhosted.org/packages/57/c6/9048242cf5c32899c3675bdea6d78a01e0a5411d1d2c012f90d1fe407718/grpcio_tools-1.66.2-cp313-cp313-linux_armv7l.whl", hash = "sha256:7e8c9aa91a9e51199048202e3c54491e0a89fb3ac47dde36ff2964fbcee143a3", size = 2307453 },
    { url = "https://files.pythonhosted.org/packages/72/f5/337d4f6009e39f5106963dd289836f5e722552b3ebeb808d9270aa777678/grpcio_tools-1.66.2-cp313-cp313-macosx_10_13_universal2.whl", hash = "sha256:0eaedd3c77824c3762b728c485f91097a58116fa135f3bbc24703621476cd866", size = 5517964 },
    { url = "https://files.pythonhosted.org/packages/d9/49/de2583c81fded5ce3bbfb62b00fe98e346d6197f5102da54591f3e6078d0/grpcio_tools-1.66.2-cp313-cp313-manylinux_2_17_aarch64.whl", hash = "sha256:a14007902fb6565c21815da4177105ec905ef37f0550190c4d1bbeb2928c6560", size = 2281082 },
    { url = "https://files.pythonhosted.org/packages/f7/50/305eef404c515ee8dab72b3ac09fa9ff43ad309e2990c46b6b22356d7112/grpcio_tools-1.66.2-cp313-cp313-manylinux_2_17_i686.manylinux2014_i686.whl", hash = "sha256:df8f098bb92d192230f3b23df514b139f3549e2a4390d1f0f0d8ff89de458c54", size = 2616925 },
    { url = "https://files.pythonhosted.org/packages/1d/0f/273d7ac9c7d99b56abb5841d8aff7ffd148fe01b48c2913c8da3de9438e7/grpcio_tools-1.66.2-cp313-cp313-manylinux_2_17_x86_64.manylinux2014_x86_64.whl", hash = "sha256:c68642829368f4f83929e0df571dbbc99f1f1553555d8f98d0582da9f6743d9e", size = 2414642 },
    { url = "https://files.pythonhosted.org/packages/9b/a6/4cb894af0b8244e6afb537f3bc624487a2ee285632ad56249a95782cba94/grpcio_tools-1.66.2-cp313-cp313-musllinux_1_1_i686.whl", hash = "sha256:5fd20110d2c7706dfdd95457807acb8c050253be2e272b9f5fb977e87ea44d86", size = 3224331 },
    { url = "https://files.pythonhosted.org/packages/f6/75/332ca1f49ef7c48a31fb88a9e9738ffcbc61718fa2c2c5137d6e187a6af4/grpcio_tools-1.66.2-cp313-cp313-musllinux_1_1_x86_64.whl", hash = "sha256:4b16244be4cff92408eb82901b883a70f3dd902fb7c7f66e2a368271be84cde4", size = 2869639 },
    { url = "https://files.pythonhosted.org/packages/19/d0/9080d3fa949659d148425547db7ad84d675554f6ed1bb113bcbd3572d480/grpcio_tools-1.66.2-cp313-cp313-win32.whl", hash = "sha256:d872ba3bbe9e15b43eeb9310dad5edbf490bb3ab0072a46b3a12fed0234eec23", size = 939996 },
    { url = "https://files.pythonhosted.org/packages/83/84/50b7bd9114e22c7b10003e4862b938d3ae253fdb5027088914443890b277/grpcio_tools-1.66.2-cp313-cp313-win_amd64.whl", hash = "sha256:a2810921218471aab5c8cd20204d3b1886aa8e13b495e882158bb398982cf18e", size = 1089819 },
]

[[package]]
name = "protobuf"
version = "5.28.2"
source = { registry = "https://pypi.org/simple" }
sdist = { url = "https://files.pythonhosted.org/packages/b1/a4/4579a61de526e19005ceeb93e478b61d77aa38c8a85ad958ff16a9906549/protobuf-5.28.2.tar.gz", hash = "sha256:59379674ff119717404f7454647913787034f03fe7049cbef1d74a97bb4593f0", size = 422494 }
wheels = [
    { url = "https://files.pythonhosted.org/packages/e9/30/231764750e0987755b7b8d66771f161e5f002e165d27b72154c776dbabf7/protobuf-5.28.2-cp310-abi3-win32.whl", hash = "sha256:eeea10f3dc0ac7e6b4933d32db20662902b4ab81bf28df12218aa389e9c2102d", size = 419662 },
    { url = "https://files.pythonhosted.org/packages/7d/46/3fdf7462160135aee6a530f1ec66665b5b4132fa2e1002ab971bc6ec2589/protobuf-5.28.2-cp310-abi3-win_amd64.whl", hash = "sha256:2c69461a7fcc8e24be697624c09a839976d82ae75062b11a0972e41fd2cd9132", size = 431479 },
    { url = "https://files.pythonhosted.org/packages/37/45/d2a760580f8f2ed2825ba44cb370e0a4011ddef85e728f46ea3dd565a8a5/protobuf-5.28.2-cp38-abi3-macosx_10_9_universal2.whl", hash = "sha256:a8b9403fc70764b08d2f593ce44f1d2920c5077bf7d311fefec999f8c40f78b7", size = 414736 },
    { url = "https://files.pythonhosted.org/packages/e6/23/ed718dc18e6a561445ece1e7a17d2dda0c634ad9cf663102b47f10005d8f/protobuf-5.28.2-cp38-abi3-manylinux2014_aarch64.whl", hash = "sha256:35cfcb15f213449af7ff6198d6eb5f739c37d7e4f1c09b5d0641babf2cc0c68f", size = 316518 },
    { url = "https://files.pythonhosted.org/packages/23/08/a1ce0415a115c2b703bfa798f06f0e43ca91dbe29d6180bf86a9287b15e2/protobuf-5.28.2-cp38-abi3-manylinux2014_x86_64.whl", hash = "sha256:5e8a95246d581eef20471b5d5ba010d55f66740942b95ba9b872d918c459452f", size = 316605 },
    { url = "https://files.pythonhosted.org/packages/9b/55/f24e3b801d2e108c48aa2b1b59bb791b5cffba89465cbbf66fc98de89270/protobuf-5.28.2-py3-none-any.whl", hash = "sha256:52235802093bd8a2811abbe8bf0ab9c5f54cca0a751fdd3f6ac2a21438bffece", size = 169566 },
]

[[package]]
name = "setuptools"
version = "75.1.0"
source = { registry = "https://pypi.org/simple" }
sdist = { url = "https://files.pythonhosted.org/packages/27/b8/f21073fde99492b33ca357876430822e4800cdf522011f18041351dfa74b/setuptools-75.1.0.tar.gz", hash = "sha256:d59a21b17a275fb872a9c3dae73963160ae079f1049ed956880cd7c09b120538", size = 1348057 }
wheels = [
    { url = "https://files.pythonhosted.org/packages/ff/ae/f19306b5a221f6a436d8f2238d5b80925004093fa3edea59835b514d9057/setuptools-75.1.0-py3-none-any.whl", hash = "sha256:35ab7fd3bcd95e6b7fd704e4a1539513edad446c097797f2985e0e4b960772f2", size = 1248506 },
]

[[package]]
name = "sqlalchemy"
version = "2.0.35"
source = { registry = "https://pypi.org/simple" }
dependencies = [
    { name = "greenlet", marker = "(python_full_version < '3.13' and platform_machine == 'AMD64') or (python_full_version < '3.13' and platform_machine == 'WIN32') or (python_full_version < '3.13' and platform_machine == 'aarch64') or (python_full_version < '3.13' and platform_machine == 'amd64') or (python_full_version < '3.13' and platform_machine == 'ppc64le') or (python_full_version < '3.13' and platform_machine == 'win32') or (python_full_version < '3.13' and platform_machine == 'x86_64')" },
    { name = "typing-extensions" },
]
sdist = { url = "https://files.pythonhosted.org/packages/36/48/4f190a83525f5cefefa44f6adc9e6386c4de5218d686c27eda92eb1f5424/sqlalchemy-2.0.35.tar.gz", hash = "sha256:e11d7ea4d24f0a262bccf9a7cd6284c976c5369dac21db237cff59586045ab9f", size = 9562798 }
wheels = [
    { url = "https://files.pythonhosted.org/packages/2f/2b/fff87e6db0da31212c98bbc445f83fb608ea92b96bda3f3f10e373bac76c/SQLAlchemy-2.0.35-cp312-cp312-macosx_10_9_x86_64.whl", hash = "sha256:eb60b026d8ad0c97917cb81d3662d0b39b8ff1335e3fabb24984c6acd0c900a2", size = 2089790 },
    { url = "https://files.pythonhosted.org/packages/68/92/4bb761bd82764d5827bf6b6095168c40fb5dbbd23670203aef2f96ba6bc6/SQLAlchemy-2.0.35-cp312-cp312-macosx_11_0_arm64.whl", hash = "sha256:6921ee01caf375363be5e9ae70d08ce7ca9d7e0e8983183080211a062d299468", size = 2080266 },
    { url = "https://files.pythonhosted.org/packages/22/46/068a65db6dc253c6f25a7598d99e0a1d60b14f661f9d09ef6c73c718fa4e/SQLAlchemy-2.0.35-cp312-cp312-manylinux_2_17_aarch64.manylinux2014_aarch64.whl", hash = "sha256:8cdf1a0dbe5ced887a9b127da4ffd7354e9c1a3b9bb330dce84df6b70ccb3a8d", size = 3229760 },
    { url = "https://files.pythonhosted.org/packages/6e/36/59830dafe40dda592304debd4cd86e583f63472f3a62c9e2695a5795e786/SQLAlchemy-2.0.35-cp312-cp312-manylinux_2_17_x86_64.manylinux2014_x86_64.whl", hash = "sha256:93a71c8601e823236ac0e5d087e4f397874a421017b3318fd92c0b14acf2b6db", size = 3240649 },
    { url = "https://files.pythonhosted.org/packages/00/50/844c50c6996f9c7f000c959dd1a7436a6c94e449ee113046a1d19e470089/SQLAlchemy-2.0.35-cp312-cp312-musllinux_1_2_aarch64.whl", hash = "sha256:e04b622bb8a88f10e439084486f2f6349bf4d50605ac3e445869c7ea5cf0fa8c", size = 3176138 },
    { url = "https://files.pythonhosted.org/packages/df/d2/336b18cac68eecb67de474fc15c85f13be4e615c6f5bae87ea38c6734ce0/SQLAlchemy-2.0.35-cp312-cp312-musllinux_1_2_x86_64.whl", hash = "sha256:1b56961e2d31389aaadf4906d453859f35302b4eb818d34a26fab72596076bb8", size = 3202753 },
    { url = "https://files.pythonhosted.org/packages/f0/f3/ee1e62fabdc10910b5ef720ae08e59bc785f26652876af3a50b89b97b412/SQLAlchemy-2.0.35-cp312-cp312-win32.whl", hash = "sha256:0f9f3f9a3763b9c4deb8c5d09c4cc52ffe49f9876af41cc1b2ad0138878453cf", size = 2060113 },
    { url = "https://files.pythonhosted.org/packages/60/63/a3cef44a52979169d884f3583d0640e64b3c28122c096474a1d7cfcaf1f3/SQLAlchemy-2.0.35-cp312-cp312-win_amd64.whl", hash = "sha256:25b0f63e7fcc2a6290cb5f7f5b4fc4047843504983a28856ce9b35d8f7de03cc", size = 2085839 },
    { url = "https://files.pythonhosted.org/packages/0e/c6/33c706449cdd92b1b6d756b247761e27d32230fd6b2de5f44c4c3e5632b2/SQLAlchemy-2.0.35-py3-none-any.whl", hash = "sha256:2ab3f0336c0387662ce6221ad30ab3a5e6499aab01b9790879b6578fd9b8faa1", size = 1881276 },
]

[[package]]
name = "typing-extensions"
version = "4.12.2"
source = { registry = "https://pypi.org/simple" }
sdist = { url = "https://files.pythonhosted.org/packages/df/db/f35a00659bc03fec321ba8bce9420de607a1d37f8342eee1863174c69557/typing_extensions-4.12.2.tar.gz", hash = "sha256:1a7ead55c7e559dd4dee8856e3a88b41225abfe1ce8df57b7c13915fe121ffb8", size = 85321 }
wheels = [
    { url = "https://files.pythonhosted.org/packages/26/9f/ad63fc0248c5379346306f8668cda6e2e2e9c95e01216d2b8ffd9ff037d0/typing_extensions-4.12.2-py3-none-any.whl", hash = "sha256:04e5ca0351e0f3f85c6853954072df659d0d13fac324d0072316b67d7794700d", size = 37438 },
]
