version = 1
requires-python = ">=3.13"

[[package]]
name = "convex"
version = "0.7.0"
source = { registry = "https://pypi.org/simple" }
sdist = { url = "https://files.pythonhosted.org/packages/b7/94/df84122f1bb468b4de53581dca322346ba119d67d1a72c91a2f9d0e5fc39/convex-0.7.0.tar.gz", hash = "sha256:4b2d3d1aac5c85a1858898ff88527bede549ba10b145b52e84ca3d9b7e02faa7", size = 70156 }
wheels = [
    { url = "https://files.pythonhosted.org/packages/5c/4e/1b7a879f89cebfc5ae051c8822afeae20ea83509d1796475c72b2ed55c9d/convex-0.7.0-cp313-cp313t-macosx_10_12_x86_64.whl", hash = "sha256:7c6d04fab064001aa642c481fb846e7269762ec3695d7125f3aa997a9ad100f1", size = 1347917 },
    { url = "https://files.pythonhosted.org/packages/4f/af/ac6b4e6c30c0dfebb518f2e275a44dfe9c8546ac3fe183d68993d6bc97a4/convex-0.7.0-cp313-cp313t-macosx_11_0_arm64.whl", hash = "sha256:d1b246dec360a47116afea464423aff45d268a6563b56f74815b31fdc86f0159", size = 1314337 },
    { url = "https://files.pythonhosted.org/packages/fb/9c/4a74df6d79e56ca1a6a11a6efbffa7c803c555deb0c73777560c074579bd/convex-0.7.0-cp313-cp313t-manylinux_2_17_aarch64.manylinux2014_aarch64.whl", hash = "sha256:2a06a203b52d140c2d5eeb8e6d73fb11b832d427e2afa691c723516165f3eb35", size = 3701275 },
    { url = "https://files.pythonhosted.org/packages/b7/ef/fd9a72e61370d2c19d1e75837fda26b9738ea9adc32468c9776c4a522939/convex-0.7.0-cp313-cp313t-manylinux_2_17_armv7l.manylinux2014_armv7l.whl", hash = "sha256:585a0fcd3e88645c1f4e7f95521c589c837244ab119127f4e95d5a9ef1998808", size = 3014733 },
    { url = "https://files.pythonhosted.org/packages/b1/e3/b79e1df0617324558796c6b8ef48f1f198488757f49a0335605242a04f71/convex-0.7.0-cp313-cp313t-manylinux_2_17_i686.manylinux2014_i686.whl", hash = "sha256:9153e86becbdb70511b223c163aaad4bc0e062c20dc016452394643de7813296", size = 3498835 },
    { url = "https://files.pythonhosted.org/packages/da/4c/40350a529e7e3debdc38c86e15ff6bd70b36c00ba675f031817085ebc037/convex-0.7.0-cp313-cp313t-manylinux_2_17_ppc64le.manylinux2014_ppc64le.whl", hash = "sha256:962b5f44265ffaadd1c33fa57d4290b331f45d761d3c8b688f274e794f79c61d", size = 3366546 },
    { url = "https://files.pythonhosted.org/packages/a3/d3/369faacef6d2b0ed9f941889ef4ab535c14ae585b53c51604f41a52f6aa0/convex-0.7.0-cp313-cp313t-manylinux_2_17_s390x.manylinux2014_s390x.whl", hash = "sha256:c309934dc6f436de9ffa5ac5f8084579e25a444b5dbf425c10b1e81a033f5a6a", size = 3440288 },
    { url = "https://files.pythonhosted.org/packages/7f/32/2f35e3ae6b12b4f40541b040f54fe9a991869617dec9604a0dc49188fadf/convex-0.7.0-cp313-cp313t-manylinux_2_17_x86_64.manylinux2014_x86_64.whl", hash = "sha256:89e66d980afb375dd4292d68aa85b397116b3c0d6bd59eece7ca21296c5e3253", size = 3488099 },
    { url = "https://files.pythonhosted.org/packages/a0/8f/6074e8feda384d4cffab88f818e175d0df79541f798eb709d7d00d59a71e/convex-0.7.0-cp313-cp313t-musllinux_1_2_aarch64.whl", hash = "sha256:d1be21b31c54675b82434482e8c0b73c5043f5421e5bfd5525f117760f8d5de0", size = 4043104 },
    { url = "https://files.pythonhosted.org/packages/16/5b/5ba70e5ebda026f8a32a52607f6b123029f40b994702a97c9c926b71cae3/convex-0.7.0-cp313-cp313t-musllinux_1_2_armv7l.whl", hash = "sha256:c01739f99c236a86627580c665c2a5a43427e233b9285f25de324ec154cb8bce", size = 3326298 },
    { url = "https://files.pythonhosted.org/packages/c6/a1/e9529e730a49eaa0ca4443c764264fe61f8a26ef3f5777c0fde7fd3c2581/convex-0.7.0-cp313-cp313t-musllinux_1_2_i686.whl", hash = "sha256:4fa6abbdac65a3f6897199ea85528bd0dd51e20375ea8c1047da8472bb33d73e", size = 3589852 },
    { url = "https://files.pythonhosted.org/packages/42/37/903ef4fd91ba69d79f018047fa683fc4efb02153bc45a0277ade70e64931/convex-0.7.0-cp313-cp313t-musllinux_1_2_x86_64.whl", hash = "sha256:5f856a201c9be7b73d3931acc6af4476b0b339d0c270304304cd0de11dfcde0c", size = 3635847 },
    { url = "https://files.pythonhosted.org/packages/9a/7e/032c346a5a5bafa0ad3e642eb4d62bad3d264f4e9648c839a181616942e2/convex-0.7.0-cp39-abi3-macosx_10_12_x86_64.whl", hash = "sha256:e582dcad6753e6525ff1deb27d3f068ac1be03d489ede256a01c64a698bc3bc3", size = 1347870 },
    { url = "https://files.pythonhosted.org/packages/cc/72/9541103fa944b5a6c03a8853556e5ae28d01b2ba72625b41b7dc16efe6e4/convex-0.7.0-cp39-abi3-macosx_11_0_arm64.whl", hash = "sha256:26712bcd84b604aabf3c465475355b877fc95e4921c733f59570ed4101e791e7", size = 1314291 },
    { url = "https://files.pythonhosted.org/packages/f3/38/dbc90a2f9d716fdeea84d65b647810d589fc66edb16103eb157024bf279b/convex-0.7.0-cp39-abi3-manylinux_2_17_aarch64.manylinux2014_aarch64.whl", hash = "sha256:231b134daf26dc47e8da59f7678a933abc26706962ea166549bd9db8925a000d", size = 3701204 },
    { url = "https://files.pythonhosted.org/packages/a2/a8/6adeb06d7abc2b67fcd32ee5019581a3caccf52823b9a37f33123fb7d40b/convex-0.7.0-cp39-abi3-manylinux_2_17_armv7l.manylinux2014_armv7l.whl", hash = "sha256:b47db8e0544cb28778850bfb036f64f3641aaec0e2fc3c1da5bdace0760464d0", size = 3014654 },
    { url = "https://files.pythonhosted.org/packages/45/21/6bb57cc2b490eb2f46a99249a9bfaae4323dadae38813a997a67e6e44eb2/convex-0.7.0-cp39-abi3-manylinux_2_17_i686.manylinux2014_i686.whl", hash = "sha256:4604236db3177b3e8b74dd478361eaba1777467e9be031d9be3a342562dc6258", size = 3504604 },
    { url = "https://files.pythonhosted.org/packages/3b/c5/d44575812e02fe9dd2b350dc57ad50177fa8410a12b0cc26237c14c62916/convex-0.7.0-cp39-abi3-manylinux_2_17_ppc64le.manylinux2014_ppc64le.whl", hash = "sha256:7dce0f6f04e63d2254b5a4c377cd9e9849282d2358496c44584faa95c604e7a6", size = 3366464 },
    { url = "https://files.pythonhosted.org/packages/66/cc/879a3b0a39f623c4b6b7c9a3f60486da313a4731dcb9438af39d2f846ec9/convex-0.7.0-cp39-abi3-manylinux_2_17_s390x.manylinux2014_s390x.whl", hash = "sha256:eb0ca333418d5e66909e45a97804ed91c2e06010d1d75c14e54a404827a1b784", size = 3440217 },
    { url = "https://files.pythonhosted.org/packages/80/ef/61be9ff389244e632e90d21b26f2d230e3f863ca169136c8c58557e15503/convex-0.7.0-cp39-abi3-manylinux_2_17_x86_64.manylinux2014_x86_64.whl", hash = "sha256:4b0d1539696b0154f4fc8f945d87fec9db9e0a37aa9fd1b2f0e2bd6d20609d0e", size = 3493700 },
    { url = "https://files.pythonhosted.org/packages/f7/a6/d86b8117d1eda3351ed70221e7040c68ef874fc2b227a834ba11f3d79f74/convex-0.7.0-cp39-abi3-musllinux_1_2_aarch64.whl", hash = "sha256:db1a905863f67406a30bd7d0ada12e80586054fab945e1a1ffdb4dbc664d6e98", size = 4043024 },
    { url = "https://files.pythonhosted.org/packages/4d/3b/81478653e4ca69038f05796faf0360fddbec276e0f9c2992a60e72996d7b/convex-0.7.0-cp39-abi3-musllinux_1_2_armv7l.whl", hash = "sha256:3a877c5bdd43a245436b1915088153000ade533dbee0a1a275d422e9a05f50a1", size = 3326214 },
    { url = "https://files.pythonhosted.org/packages/45/3f/082b647a3af549e606122c078bac07395c2d64711dc17a325ba32bac64fb/convex-0.7.0-cp39-abi3-musllinux_1_2_i686.whl", hash = "sha256:9de6e493f317f6cf23221adf2e6499097bf181b3af36eb076be52740dcd2530c", size = 3589780 },
    { url = "https://files.pythonhosted.org/packages/52/72/9dbf4f84d3dada8bee3a375270a273409117afd00c4c07aa648874308f64/convex-0.7.0-cp39-abi3-musllinux_1_2_x86_64.whl", hash = "sha256:bcbe677b25bce8a1f3b591bc6b899e6804aa673bce964af2808299de668d0720", size = 3635772 },
    { url = "https://files.pythonhosted.org/packages/bd/f4/1a37d2d4aeb6ef881bfec1ff0bc62b7ca12c0b4a8de01bd89add17b7fd0c/convex-0.7.0-cp39-abi3-win32.whl", hash = "sha256:6df9f86327d1a2419da2f30e5b692c6e0410266cd342652cd3f61dedbb9258a1", size = 1073656 },
    { url = "https://files.pythonhosted.org/packages/5d/a6/b01145a2a25c00024809dedf5fce0dc5e7cb3fbde477112e5569f35ff7d1/convex-0.7.0-cp39-abi3-win_amd64.whl", hash = "sha256:ee71e10a883fed22d2d2d43e828162eb0afe2071699fd36d6b0ba63a9639fee1", size = 1150704 },
]

[[package]]
name = "pymetric-example"
version = "0.1.0"
source = { virtual = "." }
dependencies = [
    { name = "convex" },
    { name = "python-dotenv" },
]

[package.metadata]
requires-dist = [
    { name = "convex", specifier = ">=0.7.0" },
    { name = "python-dotenv", specifier = ">=1.0.1" },
]

[[package]]
name = "python-dotenv"
version = "1.0.1"
source = { registry = "https://pypi.org/simple" }
sdist = { url = "https://files.pythonhosted.org/packages/bc/57/e84d88dfe0aec03b7a2d4327012c1627ab5f03652216c63d49846d7a6c58/python-dotenv-1.0.1.tar.gz", hash = "sha256:e324ee90a023d808f1959c46bcbc04446a10ced277783dc6ee09987c37ec10ca", size = 39115 }
wheels = [
    { url = "https://files.pythonhosted.org/packages/6a/3e/b68c118422ec867fa7ab88444e1274aa40681c606d59ac27de5a5588f082/python_dotenv-1.0.1-py3-none-any.whl", hash = "sha256:f7b63ef50f1b690dddf550d03497b66d609393b40b564ed0d674909a68ebf16a", size = 19863 },
]
