version = 1
requires-python = ">=3.13"

[[package]]
name = "returns"
version = "0.23.0"
source = { registry = "https://pypi.org/simple" }
dependencies = [
    { name = "typing-extensions" },
]
sdist = { url = "https://files.pythonhosted.org/packages/52/b4/411f1e4026344f0ccabc5654aee02280ebe8a9783756e53c76437693dc9a/returns-0.23.0.tar.gz", hash = "sha256:27594c28e5fc338e052d27ddf77fe1da82db4472f6d59901e7e9165be35a5256", size = 242563 }
wheels = [
    { url = "https://files.pythonhosted.org/packages/9c/cc/ff7046c009c17136f83764f8ff225309b58d364c2ffd5626b5a338bd865a/returns-0.23.0-py3-none-any.whl", hash = "sha256:278aa6168072b24574ad14be32f7123d1b835928473dd40bc506f47c8b25859a", size = 155284 },
]

[[package]]
name = "returns-example"
version = "0.1.0"
source = { virtual = "." }
dependencies = [
    { name = "returns" },
]

[package.metadata]
requires-dist = [{ name = "returns", specifier = ">=0.23.0" }]

[[package]]
name = "typing-extensions"
version = "4.12.2"
source = { registry = "https://pypi.org/simple" }
sdist = { url = "https://files.pythonhosted.org/packages/df/db/f35a00659bc03fec321ba8bce9420de607a1d37f8342eee1863174c69557/typing_extensions-4.12.2.tar.gz", hash = "sha256:1a7ead55c7e559dd4dee8856e3a88b41225abfe1ce8df57b7c13915fe121ffb8", size = 85321 }
wheels = [
    { url = "https://files.pythonhosted.org/packages/26/9f/ad63fc0248c5379346306f8668cda6e2e2e9c95e01216d2b8ffd9ff037d0/typing_extensions-4.12.2-py3-none-any.whl", hash = "sha256:04e5ca0351e0f3f85c6853954072df659d0d13fac324d0072316b67d7794700d", size = 37438 },
]
